<?xml version="1.0" encoding="utf-8"?>
<Project ToolsVersion="4.0" xmlns="http://schemas.microsoft.com/developer/msbuild/2003">
  <ItemGroup>
    <Filter Include="源文件">
      <UniqueIdentifier>{4FC737F1-C7A5-4376-A066-2A32D752A2FF}</UniqueIdentifier>
      <Extensions>cpp;c;cc;cxx;def;odl;idl;hpj;bat;asm;asmx</Extensions>
    </Filter>
    <Filter Include="头文件">
      <UniqueIdentifier>{93995380-89BD-4b04-88EB-625FBE52EBFB}</UniqueIdentifier>
      <Extensions>h;hh;hpp;hxx;hm;inl;inc;ipp;xsd</Extensions>
    </Filter>
    <Filter Include="资源文件">
      <UniqueIdentifier>{67DA6AB6-F800-4c08-8B7A-83BB121AAD01}</UniqueIdentifier>
      <Extensions>rc;ico;cur;bmp;dlg;rc2;rct;bin;rgs;gif;jpg;jpeg;jpe;resx;tiff;tif;png;wav;mfcribbon-ms</Extensions>
    </Filter>
  </ItemGroup>
  <ItemGroup>
    <ClCompile Include="main.cpp">
      <Filter>源文件</Filter>
    </ClCompile>
    <ClCompile Include="grabcut_client.cpp">
      <Filter>源文件</Filter>
    </ClCompile>
    <ClCompile Include="gaussian_mixture_model.cpp">
      <Filter>源文件</Filter>
    </ClCompile>
    <ClCompile Include="grabcut_method.cpp">
      <Filter>源文件</Filter>
    </ClCompile>
    <ClCompile Include="VladimirKolmogorov\graph.cpp">
      <Filter>源文件</Filter>
    </ClCompile>
    <ClCompile Include="VladimirKolmogorov\maxflow.cpp">
      <Filter>源文件</Filter>
    </ClCompile>
    <ClCompile Include="grabcut_graph.cpp">
      <Filter>源文件</Filter>
    </ClCompile>
    <ClCompile Include="grabcut_metrics.cpp">
      <Filter>源文件</Filter>
    </ClCompile>
  </ItemGroup>
  <ItemGroup>
    <ClInclude Include="grabcut_client.h">
      <Filter>头文件</Filter>
    </ClInclude>
    <ClInclude Include="grabcut_method.h">
      <Filter>头文件</Filter>
    </ClInclude>
    <ClInclude Include="gaussian_mixture_model.h">
      <Filter>头文件</Filter>
    </ClInclude>
    <ClInclude Include="VladimirKolmogorov\block.h">
      <Filter>头文件</Filter>
    </ClInclude>
    <ClInclude Include="VladimirKolmogorov\graph.h">
      <Filter>头文件</Filter>
    </ClInclude>
    <ClInclude Include="grabcut_graph.h">
      <Filter>头文件</Filter>
    </ClInclude>
    <ClInclude Include="grabcut_metrics.h">
      <Filter>头文件</Filter>
    </ClInclude>
  </ItemGroup>
  <ItemGroup>
    <None Include="VladimirKolmogorov\instances.inc">
      <Filter>头文件</Filter>
    </None>
  </ItemGroup>
  <ItemGroup>
    <Image Include="images\flamingo.jpg">
      <Filter>资源文件</Filter>
    </Image>
    <Image Include="images\owl.jpg">
      <Filter>资源文件</Filter>
    </Image>
    <Image Include="images\owl-test.jpg">
      <Filter>资源文件</Filter>
    </Image>
    <Image Include="images\eagle.jpg">
      <Filter>资源文件</Filter>
    </Image>
    <Image Include="images\fish.jpg">
      <Filter>资源文件</Filter>
    </Image>
    <Image Include="images\fox.jpg">
      <Filter>资源文件</Filter>
    </Image>
    <Image Include="images\white-bird-1.jpg">
      <Filter>资源文件</Filter>
    </Image>
    <Image Include="images\white-bird-2.jpg">
      <Filter>资源文件</Filter>
    </Image>
    <Image Include="images\eagle-test.jpg">
      <Filter>资源文件</Filter>
    </Image>
    <Image Include="images\fish-test.jpg">
      <Filter>资源文件</Filter>
    </Image>
    <Image Include="images\flamingo-test.jpg">
      <Filter>资源文件</Filter>
    </Image>
    <Image Include="images\fox-test.jpg">
      <Filter>资源文件</Filter>
    </Image>
    <Image Include="images\white-bird-1-test.jpg">
      <Filter>资源文件</Filter>
    </Image>
    <Image Include="images\white-bird-2-test.jpg">
      <Filter>资源文件</Filter>
    </Image>
    <Image Include="images\jellyfish.jpg">
      <Filter>资源文件</Filter>
    </Image>
    <Image Include="images\jellyfish-test.jpg">
      <Filter>资源文件</Filter>
    </Image>
    <Image Include="images\white-bird-2-ground-truth.jpg">
      <Filter>资源文件</Filter>
    </Image>
    <Image Include="results\2019-07-02-05-32-28_24_s_Mine_5_iter_1_comp_alpha.jpg">
      <Filter>资源文件</Filter>
    </Image>
    <Image Include="results\2019-07-02-05-31-38_19_s_Mine_4_iter_1_comp_alpha.jpg">
      <Filter>资源文件</Filter>
    </Image>
    <Image Include="results\2019-07-02-05-30-46_14_s_Mine_3_iter_1_comp_alpha.jpg">
      <Filter>资源文件</Filter>
    </Image>
    <Image Include="results\2019-07-02-05-29-47_10_s_Mine_2_iter_1_comp_alpha.jpg">
      <Filter>资源文件</Filter>
    </Image>
    <Image Include="results\2019-07-02-05-28-58_23_s_Mine_1_iter_5_comp_alpha.jpg">
      <Filter>资源文件</Filter>
    </Image>
    <Image Include="results\2019-07-02-05-28-10_19_s_Mine_1_iter_4_comp_alpha.jpg">
      <Filter>资源文件</Filter>
    </Image>
    <Image Include="results\2019-07-02-05-27-29_14_s_Mine_1_iter_3_comp_alpha.jpg">
      <Filter>资源文件</Filter>
    </Image>
    <Image Include="results\2019-07-02-05-26-29_10_s_Mine_1_iter_2_comp_alpha.jpg">
      <Filter>资源文件</Filter>
    </Image>
    <Image Include="results\2019-07-02-05-24-54_5_s_Mine_1_iter_1_comp_alpha.jpg">
      <Filter>资源文件</Filter>
    </Image>
  </ItemGroup>
</Project>